// !$*UTF8*$!
{
	archiveVersion = 1;
	classes = {
	};
	objectVersion = 55;
	objects = {

/* Begin PBXBuildFile section */
		AFFE6222287979A50045B33F /* AppDelegate.swift in Sources */ = {isa = PBXBuildFile; fileRef = AFFE6221287979A50045B33F /* AppDelegate.swift */; };
		AFFE6224287979A50045B33F /* SceneDelegate.swift in Sources */ = {isa = PBXBuildFile; fileRef = AFFE6223287979A50045B33F /* SceneDelegate.swift */; };
		AFFE6226287979A50045B33F /* LanguagesListViewController.swift in Sources */ = {isa = PBXBuildFile; fileRef = AFFE6225287979A50045B33F /* LanguagesListViewController.swift */; };
		AFFE622B287979B40045B33F /* Assets.xcassets in Resources */ = {isa = PBXBuildFile; fileRef = AFFE622A287979B40045B33F /* Assets.xcassets */; };
		AFFE622E287979B40045B33F /* LaunchScreen.storyboard in Resources */ = {isa = PBXBuildFile; fileRef = AFFE622C287979B40045B33F /* LaunchScreen.storyboard */; };
		AFFE623828797A8B0045B33F /* Language.swift in Sources */ = {isa = PBXBuildFile; fileRef = AFFE623728797A8B0045B33F /* Language.swift */; };
		AFFE623B28797DE80045B33F /* LanguageDetailsViewController.swift in Sources */ = {isa = PBXBuildFile; fileRef = AFFE623A28797DE80045B33F /* LanguageDetailsViewController.swift */; };
		AFFE623E28797E6C0045B33F /* BaseTableViewCell.swift in Sources */ = {isa = PBXBuildFile; fileRef = AFFE623D28797E6C0045B33F /* BaseTableViewCell.swift */; };
		AFFE624028797F0B0045B33F /* TableSectionFooterHeaderView.swift in Sources */ = {isa = PBXBuildFile; fileRef = AFFE623F28797F0B0045B33F /* TableSectionFooterHeaderView.swift */; };
/* End PBXBuildFile section */

/* Begin PBXFileReference section */
		AFFE621E287979A50045B33F /* DebugExample.app */ = {isa = PBXFileReference; explicitFileType = wrapper.application; includeInIndex = 0; path = DebugExample.app; sourceTree = BUILT_PRODUCTS_DIR; };
		AFFE6221287979A50045B33F /* AppDelegate.swift */ = {isa = PBXFileReference; lastKnownFileType = sourcecode.swift; path = AppDelegate.swift; sourceTree = "<group>"; };
		AFFE6223287979A50045B33F /* SceneDelegate.swift */ = {isa = PBXFileReference; lastKnownFileType = sourcecode.swift; path = SceneDelegate.swift; sourceTree = "<group>"; };
		AFFE6225287979A50045B33F /* LanguagesListViewController.swift */ = {isa = PBXFileReference; lastKnownFileType = sourcecode.swift; path = LanguagesListViewController.swift; sourceTree = "<group>"; };
		AFFE622A287979B40045B33F /* Assets.xcassets */ = {isa = PBXFileReference; lastKnownFileType = folder.assetcatalog; path = Assets.xcassets; sourceTree = "<group>"; };
		AFFE622D287979B40045B33F /* Base */ = {isa = PBXFileReference; lastKnownFileType = file.storyboard; name = Base; path = Base.lproj/LaunchScreen.storyboard; sourceTree = "<group>"; };
		AFFE622F287979B40045B33F /* Info.plist */ = {isa = PBXFileReference; lastKnownFileType = text.plist.xml; path = Info.plist; sourceTree = "<group>"; };
		AFFE623728797A8B0045B33F /* Language.swift */ = {isa = PBXFileReference; lastKnownFileType = sourcecode.swift; path = Language.swift; sourceTree = "<group>"; };
		AFFE623A28797DE80045B33F /* LanguageDetailsViewController.swift */ = {isa = PBXFileReference; lastKnownFileType = sourcecode.swift; path = LanguageDetailsViewController.swift; sourceTree = "<group>"; };
		AFFE623D28797E6C0045B33F /* BaseTableViewCell.swift */ = {isa = PBXFileReference; lastKnownFileType = sourcecode.swift; path = BaseTableViewCell.swift; sourceTree = "<group>"; };
		AFFE623F28797F0B0045B33F /* TableSectionFooterHeaderView.swift */ = {isa = PBXFileReference; lastKnownFileType = sourcecode.swift; path = TableSectionFooterHeaderView.swift; sourceTree = "<group>"; };
/* End PBXFileReference section */

/* Begin PBXFrameworksBuildPhase section */
		AFFE621B287979A50045B33F /* Frameworks */ = {
			isa = PBXFrameworksBuildPhase;
			buildActionMask = 2147483647;
			files = (
			);
			runOnlyForDeploymentPostprocessing = 0;
		};
/* End PBXFrameworksBuildPhase section */

/* Begin PBXGroup section */
		AFFE6215287979A50045B33F = {
			isa = PBXGroup;
			children = (
				AFFE6220287979A50045B33F /* DebugExample */,
				AFFE621F287979A50045B33F /* Products */,
			);
			sourceTree = "<group>";
		};
		AFFE621F287979A50045B33F /* Products */ = {
			isa = PBXGroup;
			children = (
				AFFE621E287979A50045B33F /* DebugExample.app */,
			);
			name = Products;
			sourceTree = "<group>";
		};
		AFFE6220287979A50045B33F /* DebugExample */ = {
			isa = PBXGroup;
			children = (
				AFFE623628797A7C0045B33F /* Model */,
				AFFE623928797DD40045B33F /* UI */,
				AFFE623528797A720045B33F /* Application */,
				AFFE622A287979B40045B33F /* Assets.xcassets */,
				AFFE622C287979B40045B33F /* LaunchScreen.storyboard */,
				AFFE622F287979B40045B33F /* Info.plist */,
			);
			path = DebugExample;
			sourceTree = "<group>";
		};
		AFFE623528797A720045B33F /* Application */ = {
			isa = PBXGroup;
			children = (
				AFFE6221287979A50045B33F /* AppDelegate.swift */,
				AFFE6223287979A50045B33F /* SceneDelegate.swift */,
			);
			path = Application;
			sourceTree = "<group>";
		};
		AFFE623628797A7C0045B33F /* Model */ = {
			isa = PBXGroup;
			children = (
				AFFE623728797A8B0045B33F /* Language.swift */,
			);
			path = Model;
			sourceTree = "<group>";
		};
		AFFE623928797DD40045B33F /* UI */ = {
			isa = PBXGroup;
			children = (
				AFFE623C28797E550045B33F /* Table views */,
				AFFE6225287979A50045B33F /* LanguagesListViewController.swift */,
				AFFE623A28797DE80045B33F /* LanguageDetailsViewController.swift */,
			);
			path = UI;
			sourceTree = "<group>";
		};
		AFFE623C28797E550045B33F /* Table views */ = {
			isa = PBXGroup;
			children = (
				AFFE623D28797E6C0045B33F /* BaseTableViewCell.swift */,
				AFFE623F28797F0B0045B33F /* TableSectionFooterHeaderView.swift */,
			);
			path = "Table views";
			sourceTree = "<group>";
		};
/* End PBXGroup section */

/* Begin PBXNativeTarget section */
		AFFE621D287979A50045B33F /* DebugExample */ = {
			isa = PBXNativeTarget;
			buildConfigurationList = AFFE6232287979B40045B33F /* Build configuration list for PBXNativeTarget "DebugExample" */;
			buildPhases = (
				AFFE621A287979A50045B33F /* Sources */,
				AFFE621B287979A50045B33F /* Frameworks */,
				AFFE621C287979A50045B33F /* Resources */,
			);
			buildRules = (
			);
			dependencies = (
			);
			name = DebugExample;
			productName = DebugExample;
			productReference = AFFE621E287979A50045B33F /* DebugExample.app */;
			productType = "com.apple.product-type.application";
		};
/* End PBXNativeTarget section */

/* Begin PBXProject section */
		AFFE6216287979A50045B33F /* Project object */ = {
			isa = PBXProject;
			attributes = {
				BuildIndependentTargetsInParallel = 1;
				LastSwiftUpdateCheck = 1330;
				LastUpgradeCheck = 1330;
				TargetAttributes = {
					AFFE621D287979A50045B33F = {
						CreatedOnToolsVersion = 13.3.1;
					};
				};
			};
			buildConfigurationList = AFFE6219287979A50045B33F /* Build configuration list for PBXProject "DebugExample" */;
			compatibilityVersion = "Xcode 13.0";
			developmentRegion = en;
			hasScannedForEncodings = 0;
			knownRegions = (
				en,
				Base,
			);
			mainGroup = AFFE6215287979A50045B33F;
			productRefGroup = AFFE621F287979A50045B33F /* Products */;
			projectDirPath = "";
			projectRoot = "";
			targets = (
				AFFE621D287979A50045B33F /* DebugExample */,
			);
		};
/* End PBXProject section */

/* Begin PBXResourcesBuildPhase section */
		AFFE621C287979A50045B33F /* Resources */ = {
			isa = PBXResourcesBuildPhase;
			buildActionMask = 2147483647;
			files = (
				AFFE622E287979B40045B33F /* LaunchScreen.storyboard in Resources */,
				AFFE622B287979B40045B33F /* Assets.xcassets in Resources */,
			);
			runOnlyForDeploymentPostprocessing = 0;
		};
/* End PBXResourcesBuildPhase section */

/* Begin PBXSourcesBuildPhase section */
		AFFE621A287979A50045B33F /* Sources */ = {
			isa = PBXSourcesBuildPhase;
			buildActionMask = 2147483647;
			files = (
				AFFE6226287979A50045B33F /* LanguagesListViewController.swift in Sources */,
				AFFE623828797A8B0045B33F /* Language.swift in Sources */,
				AFFE624028797F0B0045B33F /* TableSectionFooterHeaderView.swift in Sources */,
				AFFE6222287979A50045B33F /* AppDelegate.swift in Sources */,
				AFFE623B28797DE80045B33F /* LanguageDetailsViewController.swift in Sources */,
				AFFE623E28797E6C0045B33F /* BaseTableViewCell.swift in Sources */,
				AFFE6224287979A50045B33F /* SceneDelegate.swift in Sources */,
			);
			runOnlyForDeploymentPostprocessing = 0;
		};
/* End PBXSourcesBuildPhase section */

/* Begin PBXVariantGroup section */
		AFFE622C287979B40045B33F /* LaunchScreen.storyboard */ = {
			isa = PBXVariantGroup;
			children = (
				AFFE622D287979B40045B33F /* Base */,
			);
			name = LaunchScreen.storyboard;
			sourceTree = "<group>";
		};
/* End PBXVariantGroup section */

/* Begin XCBuildConfiguration section */
		AFFE6230287979B40045B33F /* Debug */ = {
			isa = XCBuildConfiguration;
			buildSettings = {
				ALWAYS_SEARCH_USER_PATHS = NO;
				CLANG_ANALYZER_NONNULL = YES;
				CLANG_ANALYZER_NUMBER_OBJECT_CONVERSION = YES_AGGRESSIVE;
				CLANG_CXX_LANGUAGE_STANDARD = "gnu++17";
				CLANG_ENABLE_MODULES = YES;
				CLANG_ENABLE_OBJC_ARC = YES;
				CLANG_ENABLE_OBJC_WEAK = YES;
				CLANG_WARN_BLOCK_CAPTURE_AUTORELEASING = YES;
				CLANG_WARN_BOOL_CONVERSION = YES;
				CLANG_WARN_COMMA = YES;
				CLANG_WARN_CONSTANT_CONVERSION = YES;
				CLANG_WARN_DEPRECATED_OBJC_IMPLEMENTATIONS = YES;
				CLANG_WARN_DIRECT_OBJC_ISA_USAGE = YES_ERROR;
				CLANG_WARN_DOCUMENTATION_COMMENTS = YES;
				CLANG_WARN_EMPTY_BODY = YES;
				CLANG_WARN_ENUM_CONVERSION = YES;
				CLANG_WARN_INFINITE_RECURSION = YES;
				CLANG_WARN_INT_CONVERSION = YES;
				CLANG_WARN_NON_LITERAL_NULL_CONVERSION = YES;
				CLANG_WARN_OBJC_IMPLICIT_RETAIN_SELF = YES;
				CLANG_WARN_OBJC_LITERAL_CONVERSION = YES;
				CLANG_WARN_OBJC_ROOT_CLASS = YES_ERROR;
				CLANG_WARN_QUOTED_INCLUDE_IN_FRAMEWORK_HEADER = YES;
				CLANG_WARN_RANGE_LOOP_ANALYSIS = YES;
				CLANG_WARN_STRICT_PROTOTYPES = YES;
				CLANG_WARN_SUSPICIOUS_MOVE = YES;
				CLANG_WARN_UNGUARDED_AVAILABILITY = YES_AGGRESSIVE;
				CLANG_WARN_UNREACHABLE_CODE = YES;
				CLANG_WARN__DUPLICATE_METHOD_MATCH = YES;
				COPY_PHASE_STRIP = NO;
				DEBUG_INFORMATION_FORMAT = dwarf;
				ENABLE_STRICT_OBJC_MSGSEND = YES;
				ENABLE_TESTABILITY = YES;
				GCC_C_LANGUAGE_STANDARD = gnu11;
				GCC_DYNAMIC_NO_PIC = NO;
				GCC_NO_COMMON_BLOCKS = YES;
				GCC_OPTIMIZATION_LEVEL = 0;
				GCC_PREPROCESSOR_DEFINITIONS = (
					"DEBUG=1",
					"$(inherited)",
				);
				GCC_WARN_64_TO_32_BIT_CONVERSION = YES;
				GCC_WARN_ABOUT_RETURN_TYPE = YES_ERROR;
				GCC_WARN_UNDECLARED_SELECTOR = YES;
				GCC_WARN_UNINITIALIZED_AUTOS = YES_AGGRESSIVE;
				GCC_WARN_UNUSED_FUNCTION = YES;
				GCC_WARN_UNUSED_VARIABLE = YES;
				IPHONEOS_DEPLOYMENT_TARGET = 13.0;
				MTL_ENABLE_DEBUG_INFO = INCLUDE_SOURCE;
				MTL_FAST_MATH = YES;
				ONLY_ACTIVE_ARCH = YES;
				SDKROOT = iphoneos;
				SWIFT_ACTIVE_COMPILATION_CONDITIONS = DEBUG;
				SWIFT_OPTIMIZATION_LEVEL = "-Onone";
			};
			name = Debug;
		};
		AFFE6231287979B40045B33F /* Release */ = {
			isa = XCBuildConfiguration;
			buildSettings = {
				ALWAYS_SEARCH_USER_PATHS = NO;
				CLANG_ANALYZER_NONNULL = YES;
				CLANG_ANALYZER_NUMBER_OBJECT_CONVERSION = YES_AGGRESSIVE;
				CLANG_CXX_LANGUAGE_STANDARD = "gnu++17";
				CLANG_ENABLE_MODULES = YES;
				CLANG_ENABLE_OBJC_ARC = YES;
				CLANG_ENABLE_OBJC_WEAK = YES;
				CLANG_WARN_BLOCK_CAPTURE_AUTORELEASING = YES;
				CLANG_WARN_BOOL_CONVERSION = YES;
				CLANG_WARN_COMMA = YES;
				CLANG_WARN_CONSTANT_CONVERSION = YES;
				CLANG_WARN_DEPRECATED_OBJC_IMPLEMENTATIONS = YES;
				CLANG_WARN_DIRECT_OBJC_ISA_USAGE = YES_ERROR;
				CLANG_WARN_DOCUMENTATION_COMMENTS = YES;
				CLANG_WARN_EMPTY_BODY = YES;
				CLANG_WARN_ENUM_CONVERSION = YES;
				CLANG_WARN_INFINITE_RECURSION = YES;
				CLANG_WARN_INT_CONVERSION = YES;
				CLANG_WARN_NON_LITERAL_NULL_CONVERSION = YES;
				CLANG_WARN_OBJC_IMPLICIT_RETAIN_SELF = YES;
				CLANG_WARN_OBJC_LITERAL_CONVERSION = YES;
				CLANG_WARN_OBJC_ROOT_CLASS = YES_ERROR;
				CLANG_WARN_QUOTED_INCLUDE_IN_FRAMEWORK_HEADER = YES;
				CLANG_WARN_RANGE_LOOP_ANALYSIS = YES;
				CLANG_WARN_STRICT_PROTOTYPES = YES;
				CLANG_WARN_SUSPICIOUS_MOVE = YES;
				CLANG_WARN_UNGUARDED_AVAILABILITY = YES_AGGRESSIVE;
				CLANG_WARN_UNREACHABLE_CODE = YES;
				CLANG_WARN__DUPLICATE_METHOD_MATCH = YES;
				COPY_PHASE_STRIP = NO;
				DEBUG_INFORMATION_FORMAT = "dwarf-with-dsym";
				ENABLE_NS_ASSERTIONS = NO;
				ENABLE_STRICT_OBJC_MSGSEND = YES;
				GCC_C_LANGUAGE_STANDARD = gnu11;
				GCC_NO_COMMON_BLOCKS = YES;
				GCC_WARN_64_TO_32_BIT_CONVERSION = YES;
				GCC_WARN_ABOUT_RETURN_TYPE = YES_ERROR;
				GCC_WARN_UNDECLARED_SELECTOR = YES;
				GCC_WARN_UNINITIALIZED_AUTOS = YES_AGGRESSIVE;
				GCC_WARN_UNUSED_FUNCTION = YES;
				GCC_WARN_UNUSED_VARIABLE = YES;
				IPHONEOS_DEPLOYMENT_TARGET = 13.0;
				MTL_ENABLE_DEBUG_INFO = NO;
				MTL_FAST_MATH = YES;
				SDKROOT = iphoneos;
				SWIFT_COMPILATION_MODE = wholemodule;
				SWIFT_OPTIMIZATION_LEVEL = "-O";
				VALIDATE_PRODUCT = YES;
			};
			name = Release;
		};
		AFFE6233287979B40045B33F /* Debug */ = {
			isa = XCBuildConfiguration;
			buildSettings = {
				ASSETCATALOG_COMPILER_APPICON_NAME = AppIcon;
				ASSETCATALOG_COMPILER_GLOBAL_ACCENT_COLOR_NAME = AccentColor;
				CODE_SIGN_STYLE = Automatic;
				CURRENT_PROJECT_VERSION = 1;
				GENERATE_INFOPLIST_FILE = YES;
				INFOPLIST_FILE = DebugExample/Info.plist;
				INFOPLIST_KEY_UIApplicationSupportsIndirectInputEvents = YES;
				INFOPLIST_KEY_UILaunchStoryboardName = LaunchScreen;
				INFOPLIST_KEY_UISupportedInterfaceOrientations_iPad = "UIInterfaceOrientationPortrait UIInterfaceOrientationPortraitUpsideDown UIInterfaceOrientationLandscapeLeft UIInterfaceOrientationLandscapeRight";
				INFOPLIST_KEY_UISupportedInterfaceOrientations_iPhone = "UIInterfaceOrientationPortrait UIInterfaceOrientationLandscapeLeft UIInterfaceOrientationLandscapeRight";
				LD_RUNPATH_SEARCH_PATHS = (
					"$(inherited)",
					"@executable_path/Frameworks",
				);
				MARKETING_VERSION = 1.0;
				PRODUCT_BUNDLE_IDENTIFIER = com.exercise.DebugExample;
				PRODUCT_NAME = "$(TARGET_NAME)";
				SWIFT_EMIT_LOC_STRINGS = YES;
				SWIFT_VERSION = 5.0;
				TARGETED_DEVICE_FAMILY = 1;
			};
			name = Debug;
		};
		AFFE6234287979B40045B33F /* Release */ = {
			isa = XCBuildConfiguration;
			buildSettings = {
				ASSETCATALOG_COMPILER_APPICON_NAME = AppIcon;
				ASSETCATALOG_COMPILER_GLOBAL_ACCENT_COLOR_NAME = AccentColor;
				CODE_SIGN_STYLE = Automatic;
				CURRENT_PROJECT_VERSION = 1;
				GENERATE_INFOPLIST_FILE = YES;
				INFOPLIST_FILE = DebugExample/Info.plist;
				INFOPLIST_KEY_UIApplicationSupportsIndirectInputEvents = YES;
				INFOPLIST_KEY_UILaunchStoryboardName = LaunchScreen;
				INFOPLIST_KEY_UISupportedInterfaceOrientations_iPad = "UIInterfaceOrientationPortrait UIInterfaceOrientationPortraitUpsideDown UIInterfaceOrientationLandscapeLeft UIInterfaceOrientationLandscapeRight";
				INFOPLIST_KEY_UISupportedInterfaceOrientations_iPhone = "UIInterfaceOrientationPortrait UIInterfaceOrientationLandscapeLeft UIInterfaceOrientationLandscapeRight";
				LD_RUNPATH_SEARCH_PATHS = (
					"$(inherited)",
					"@executable_path/Frameworks",
				);
				MARKETING_VERSION = 1.0;
				PRODUCT_BUNDLE_IDENTIFIER = com.exercise.DebugExample;
				PRODUCT_NAME = "$(TARGET_NAME)";
				SWIFT_EMIT_LOC_STRINGS = YES;
				SWIFT_VERSION = 5.0;
				TARGETED_DEVICE_FAMILY = 1;
			};
			name = Release;
		};
/* End XCBuildConfiguration section */

/* Begin XCConfigurationList section */
		AFFE6219287979A50045B33F /* Build configuration list for PBXProject "DebugExample" */ = {
			isa = XCConfigurationList;
			buildConfigurations = (
				AFFE6230287979B40045B33F /* Debug */,
				AFFE6231287979B40045B33F /* Release */,
			);
			defaultConfigurationIsVisible = 0;
			defaultConfigurationName = Release;
		};
		AFFE6232287979B40045B33F /* Build configuration list for PBXNativeTarget "DebugExample" */ = {
			isa = XCConfigurationList;
			buildConfigurations = (
				AFFE6233287979B40045B33F /* Debug */,
				AFFE6234287979B40045B33F /* Release */,
			);
			defaultConfigurationIsVisible = 0;
			defaultConfigurationName = Release;
		};
/* End XCConfigurationList section */
	};
	rootObject = AFFE6216287979A50045B33F /* Project object */;
}
